
Microsoft Visual Studio Solution File, Format Version 12.00
# Visual Studio Version 16
VisualStudioVersion = 16.0.29519.181
MinimumVisualStudioVersion = 10.0.40219.1
Project("{9A19103F-16F7-4668-BE54-9A1E7A4F7556}") = "DTSServicios", "DTSServicios\DTSServicios.csproj", "{BBCEA4EA-8AB3-430F-B857-645BDEE6B63A}"
EndProject
Global
	GlobalSection(SolutionConfigurationPlatforms) = preSolution
		Debug|Any CPU = Debug|Any CPU
		Release|Any CPU = Release|Any CPU
	EndGlobalSection
	GlobalSection(ProjectConfigurationPlatforms) = postSolution
		{BBCEA4EA-8AB3-430F-B857-645BDEE6B63A}.Debug|Any CPU.ActiveCfg = Debug|Any CPU
		{BBCEA4EA-8AB3-430F-B857-645BDEE6B63A}.Debug|Any CPU.Build.0 = Debug|Any CPU
		{BBCEA4EA-8AB3-430F-B857-645BDEE6B63A}.Release|Any CPU.ActiveCfg = Release|Any CPU
		{BBCEA4EA-8AB3-430F-B857-645BDEE6B63A}.Release|Any CPU.Build.0 = Release|Any CPU
	EndGlobalSection
	GlobalSection(SolutionProperties) = preSolution
		HideSolutionNode = FALSE
	EndGlobalSection
	GlobalSection(ExtensibilityGlobals) = postSolution
		SolutionGuid = {95E472F9-C479-447A-8E93-9867E653272F}
	EndGlobalSection
EndGlobal
